<Solution>
  <Folder Name="/App.API/" />
  <Project Path="App.API.Test/App.API.Test.csproj" />
  <Project Path="App.API/OrkutNew.csproj" />
  <Project Path="App.Application.Test/App.Application.Test.csproj" />
  <Project Path="App.Application/App.Application.csproj" />
  <Project Path="App.Domain.Test/App.Domain.Test.csproj" />
  <Project Path="App.Domain/App.Domain.csproj" />
  <Project Path="App.Infrastructure.Test/App.Infrastructure.Test.csproj" />
  <Project Path="App.Infrastructure/App.Infrastructure.csproj" />
  <Project Path="App.IOC/App.IOC.csproj" />
</Solution>
